// !$*UTF8*$!
{
	archiveVersion = 1;
	classes = {
	};
	objectVersion = 56;
	objects = {

/* Begin PBXBuildFile section */
		666A58282A2B95BA00014E07 /* AppDelegate.swift in Sources */ = {isa = PBXBuildFile; fileRef = 666A58272A2B95BA00014E07 /* AppDelegate.swift */; };
		666A582A2A2B95BA00014E07 /* SceneDelegate.swift in Sources */ = {isa = PBXBuildFile; fileRef = 666A58292A2B95BA00014E07 /* SceneDelegate.swift */; };
		666A582C2A2B95BA00014E07 /* ViewController.swift in Sources */ = {isa = PBXBuildFile; fileRef = 666A582B2A2B95BA00014E07 /* ViewController.swift */; };
		666A582F2A2B95BA00014E07 /* Main.storyboard in Resources */ = {isa = PBXBuildFile; fileRef = 666A582D2A2B95BA00014E07 /* Main.storyboard */; };
		666A58342A2B95BD00014E07 /* Assets.xcassets in Resources */ = {isa = PBXBuildFile; fileRef = 666A58332A2B95BD00014E07 /* Assets.xcassets */; };
		666A58372A2B95BD00014E07 /* LaunchScreen.storyboard in Resources */ = {isa = PBXBuildFile; fileRef = 666A58352A2B95BD00014E07 /* LaunchScreen.storyboard */; };
		666A583F2A2B96F700014E07 /* logIn.swift in Sources */ = {isa = PBXBuildFile; fileRef = 666A583E2A2B96F700014E07 /* logIn.swift */; };
		666A58502A2BBB0700014E07 /* safetycheck.swift in Sources */ = {isa = PBXBuildFile; fileRef = 666A584F2A2BBB0700014E07 /* safetycheck.swift */; };
		666A58522A2BBB3A00014E07 /* MobileNetV2.mlmodel in Sources */ = {isa = PBXBuildFile; fileRef = 666A58512A2BBB3A00014E07 /* MobileNetV2.mlmodel */; };
		666A587B2A2C33EB00014E07 /* Point.swift in Sources */ = {isa = PBXBuildFile; fileRef = 666A587A2A2C33EB00014E07 /* Point.swift */; };
/* End PBXBuildFile section */

/* Begin PBXFileReference section */
		666A58242A2B95BA00014E07 /* team_project.app */ = {isa = PBXFileReference; explicitFileType = wrapper.application; includeInIndex = 0; path = team_project.app; sourceTree = BUILT_PRODUCTS_DIR; };
		666A58272A2B95BA00014E07 /* AppDelegate.swift */ = {isa = PBXFileReference; lastKnownFileType = sourcecode.swift; path = AppDelegate.swift; sourceTree = "<group>"; };
		666A58292A2B95BA00014E07 /* SceneDelegate.swift */ = {isa = PBXFileReference; lastKnownFileType = sourcecode.swift; path = SceneDelegate.swift; sourceTree = "<group>"; };
		666A582B2A2B95BA00014E07 /* ViewController.swift */ = {isa = PBXFileReference; lastKnownFileType = sourcecode.swift; path = ViewController.swift; sourceTree = "<group>"; };
		666A582E2A2B95BA00014E07 /* Base */ = {isa = PBXFileReference; lastKnownFileType = file.storyboard; name = Base; path = Base.lproj/Main.storyboard; sourceTree = "<group>"; };
		666A58332A2B95BD00014E07 /* Assets.xcassets */ = {isa = PBXFileReference; lastKnownFileType = folder.assetcatalog; path = Assets.xcassets; sourceTree = "<group>"; };
		666A58362A2B95BD00014E07 /* Base */ = {isa = PBXFileReference; lastKnownFileType = file.storyboard; name = Base; path = Base.lproj/LaunchScreen.storyboard; sourceTree = "<group>"; };
		666A58382A2B95BD00014E07 /* Info.plist */ = {isa = PBXFileReference; lastKnownFileType = text.plist.xml; path = Info.plist; sourceTree = "<group>"; };
		666A583E2A2B96F700014E07 /* logIn.swift */ = {isa = PBXFileReference; lastKnownFileType = sourcecode.swift; path = logIn.swift; sourceTree = "<group>"; };
		666A584F2A2BBB0700014E07 /* safetycheck.swift */ = {isa = PBXFileReference; lastKnownFileType = sourcecode.swift; path = safetycheck.swift; sourceTree = "<group>"; };
		666A58512A2BBB3A00014E07 /* MobileNetV2.mlmodel */ = {isa = PBXFileReference; lastKnownFileType = file.mlmodel; name = MobileNetV2.mlmodel; path = ../../MobileNetV2.mlmodel; sourceTree = "<group>"; };
		666A587A2A2C33EB00014E07 /* Point.swift */ = {isa = PBXFileReference; lastKnownFileType = sourcecode.swift; path = Point.swift; sourceTree = "<group>"; };
/* End PBXFileReference section */

/* Begin PBXFrameworksBuildPhase section */
		666A58212A2B95BA00014E07 /* Frameworks */ = {
			isa = PBXFrameworksBuildPhase;
			buildActionMask = 2147483647;
			files = (
			);
			runOnlyForDeploymentPostprocessing = 0;
		};
/* End PBXFrameworksBuildPhase section */

/* Begin PBXGroup section */
		666A581B2A2B95BA00014E07 = {
			isa = PBXGroup;
			children = (
				666A58262A2B95BA00014E07 /* team_project */,
				666A58252A2B95BA00014E07 /* Products */,
			);
			sourceTree = "<group>";
		};
		666A58252A2B95BA00014E07 /* Products */ = {
			isa = PBXGroup;
			children = (
				666A58242A2B95BA00014E07 /* team_project.app */,
			);
			name = Products;
			sourceTree = "<group>";
		};
		666A58262A2B95BA00014E07 /* team_project */ = {
			isa = PBXGroup;
			children = (
				666A58272A2B95BA00014E07 /* AppDelegate.swift */,
				666A58292A2B95BA00014E07 /* SceneDelegate.swift */,
				666A582B2A2B95BA00014E07 /* ViewController.swift */,
				666A582D2A2B95BA00014E07 /* Main.storyboard */,
				666A58332A2B95BD00014E07 /* Assets.xcassets */,
				666A58352A2B95BD00014E07 /* LaunchScreen.storyboard */,
				666A58382A2B95BD00014E07 /* Info.plist */,
				666A583E2A2B96F700014E07 /* logIn.swift */,
				666A584F2A2BBB0700014E07 /* safetycheck.swift */,
				666A58512A2BBB3A00014E07 /* MobileNetV2.mlmodel */,
				666A587A2A2C33EB00014E07 /* Point.swift */,
			);
			path = team_project;
			sourceTree = "<group>";
		};
/* End PBXGroup section */

/* Begin PBXNativeTarget section */
		666A58232A2B95BA00014E07 /* team_project */ = {
			isa = PBXNativeTarget;
			buildConfigurationList = 666A583B2A2B95BD00014E07 /* Build configuration list for PBXNativeTarget "team_project" */;
			buildPhases = (
				666A58202A2B95BA00014E07 /* Sources */,
				666A58212A2B95BA00014E07 /* Frameworks */,
				666A58222A2B95BA00014E07 /* Resources */,
			);
			buildRules = (
			);
			dependencies = (
			);
			name = team_project;
			productName = team_project;
			productReference = 666A58242A2B95BA00014E07 /* team_project.app */;
			productType = "com.apple.product-type.application";
		};
/* End PBXNativeTarget section */

/* Begin PBXProject section */
		666A581C2A2B95BA00014E07 /* Project object */ = {
			isa = PBXProject;
			attributes = {
				BuildIndependentTargetsInParallel = 1;
				LastSwiftUpdateCheck = 1430;
				LastUpgradeCheck = 1430;
				TargetAttributes = {
					666A58232A2B95BA00014E07 = {
						CreatedOnToolsVersion = 14.3;
					};
				};
			};
			buildConfigurationList = 666A581F2A2B95BA00014E07 /* Build configuration list for PBXProject "team_project" */;
			compatibilityVersion = "Xcode 14.0";
			developmentRegion = en;
			hasScannedForEncodings = 0;
			knownRegions = (
				en,
				Base,
			);
			mainGroup = 666A581B2A2B95BA00014E07;
			productRefGroup = 666A58252A2B95BA00014E07 /* Products */;
			projectDirPath = "";
			projectRoot = "";
			targets = (
				666A58232A2B95BA00014E07 /* team_project */,
			);
		};
/* End PBXProject section */

/* Begin PBXResourcesBuildPhase section */
		666A58222A2B95BA00014E07 /* Resources */ = {
			isa = PBXResourcesBuildPhase;
			buildActionMask = 2147483647;
			files = (
				666A58372A2B95BD00014E07 /* LaunchScreen.storyboard in Resources */,
				666A58342A2B95BD00014E07 /* Assets.xcassets in Resources */,
				666A582F2A2B95BA00014E07 /* Main.storyboard in Resources */,
			);
			runOnlyForDeploymentPostprocessing = 0;
		};
/* End PBXResourcesBuildPhase section */

/* Begin PBXSourcesBuildPhase section */
		666A58202A2B95BA00014E07 /* Sources */ = {
			isa = PBXSourcesBuildPhase;
			buildActionMask = 2147483647;
			files = (
				666A58522A2BBB3A00014E07 /* MobileNetV2.mlmodel in Sources */,
				666A583F2A2B96F700014E07 /* logIn.swift in Sources */,
				666A582C2A2B95BA00014E07 /* ViewController.swift in Sources */,
				666A58282A2B95BA00014E07 /* AppDelegate.swift in Sources */,
				666A587B2A2C33EB00014E07 /* Point.swift in Sources */,
				666A58502A2BBB0700014E07 /* safetycheck.swift in Sources */,
				666A582A2A2B95BA00014E07 /* SceneDelegate.swift in Sources */,
			);
			runOnlyForDeploymentPostprocessing = 0;
		};
/* End PBXSourcesBuildPhase section */

/* Begin PBXVariantGroup section */
		666A582D2A2B95BA00014E07 /* Main.storyboard */ = {
			isa = PBXVariantGroup;
			children = (
				666A582E2A2B95BA00014E07 /* Base */,
			);
			name = Main.storyboard;
			sourceTree = "<group>";
		};
		666A58352A2B95BD00014E07 /* LaunchScreen.storyboard */ = {
			isa = PBXVariantGroup;
			children = (
				666A58362A2B95BD00014E07 /* Base */,
			);
			name = LaunchScreen.storyboard;
			sourceTree = "<group>";
		};
/* End PBXVariantGroup section */

/* Begin XCBuildConfiguration section */
		666A58392A2B95BD00014E07 /* Debug */ = {
			isa = XCBuildConfiguration;
			buildSettings = {
				ALWAYS_SEARCH_USER_PATHS = NO;
				CLANG_ANALYZER_NONNULL = YES;
				CLANG_ANALYZER_NUMBER_OBJECT_CONVERSION = YES_AGGRESSIVE;
				CLANG_CXX_LANGUAGE_STANDARD = "gnu++20";
				CLANG_ENABLE_MODULES = YES;
				CLANG_ENABLE_OBJC_ARC = YES;
				CLANG_ENABLE_OBJC_WEAK = YES;
				CLANG_WARN_BLOCK_CAPTURE_AUTORELEASING = YES;
				CLANG_WARN_BOOL_CONVERSION = YES;
				CLANG_WARN_COMMA = YES;
				CLANG_WARN_CONSTANT_CONVERSION = YES;
				CLANG_WARN_DEPRECATED_OBJC_IMPLEMENTATIONS = YES;
				CLANG_WARN_DIRECT_OBJC_ISA_USAGE = YES_ERROR;
				CLANG_WARN_DOCUMENTATION_COMMENTS = YES;
				CLANG_WARN_EMPTY_BODY = YES;
				CLANG_WARN_ENUM_CONVERSION = YES;
				CLANG_WARN_INFINITE_RECURSION = YES;
				CLANG_WARN_INT_CONVERSION = YES;
				CLANG_WARN_NON_LITERAL_NULL_CONVERSION = YES;
				CLANG_WARN_OBJC_IMPLICIT_RETAIN_SELF = YES;
				CLANG_WARN_OBJC_LITERAL_CONVERSION = YES;
				CLANG_WARN_OBJC_ROOT_CLASS = YES_ERROR;
				CLANG_WARN_QUOTED_INCLUDE_IN_FRAMEWORK_HEADER = YES;
				CLANG_WARN_RANGE_LOOP_ANALYSIS = YES;
				CLANG_WARN_STRICT_PROTOTYPES = YES;
				CLANG_WARN_SUSPICIOUS_MOVE = YES;
				CLANG_WARN_UNGUARDED_AVAILABILITY = YES_AGGRESSIVE;
				CLANG_WARN_UNREACHABLE_CODE = YES;
				CLANG_WARN__DUPLICATE_METHOD_MATCH = YES;
				COPY_PHASE_STRIP = NO;
				DEBUG_INFORMATION_FORMAT = dwarf;
				ENABLE_STRICT_OBJC_MSGSEND = YES;
				ENABLE_TESTABILITY = YES;
				GCC_C_LANGUAGE_STANDARD = gnu11;
				GCC_DYNAMIC_NO_PIC = NO;
				GCC_NO_COMMON_BLOCKS = YES;
				GCC_OPTIMIZATION_LEVEL = 0;
				GCC_PREPROCESSOR_DEFINITIONS = (
					"DEBUG=1",
					"$(inherited)",
				);
				GCC_WARN_64_TO_32_BIT_CONVERSION = YES;
				GCC_WARN_ABOUT_RETURN_TYPE = YES_ERROR;
				GCC_WARN_UNDECLARED_SELECTOR = YES;
				GCC_WARN_UNINITIALIZED_AUTOS = YES_AGGRESSIVE;
				GCC_WARN_UNUSED_FUNCTION = YES;
				GCC_WARN_UNUSED_VARIABLE = YES;
				IPHONEOS_DEPLOYMENT_TARGET = 16.4;
				MTL_ENABLE_DEBUG_INFO = INCLUDE_SOURCE;
				MTL_FAST_MATH = YES;
				ONLY_ACTIVE_ARCH = YES;
				SDKROOT = iphoneos;
				SWIFT_ACTIVE_COMPILATION_CONDITIONS = DEBUG;
				SWIFT_OPTIMIZATION_LEVEL = "-Onone";
			};
			name = Debug;
		};
		666A583A2A2B95BD00014E07 /* Release */ = {
			isa = XCBuildConfiguration;
			buildSettings = {
				ALWAYS_SEARCH_USER_PATHS = NO;
				CLANG_ANALYZER_NONNULL = YES;
				CLANG_ANALYZER_NUMBER_OBJECT_CONVERSION = YES_AGGRESSIVE;
				CLANG_CXX_LANGUAGE_STANDARD = "gnu++20";
				CLANG_ENABLE_MODULES = YES;
				CLANG_ENABLE_OBJC_ARC = YES;
				CLANG_ENABLE_OBJC_WEAK = YES;
				CLANG_WARN_BLOCK_CAPTURE_AUTORELEASING = YES;
				CLANG_WARN_BOOL_CONVERSION = YES;
				CLANG_WARN_COMMA = YES;
				CLANG_WARN_CONSTANT_CONVERSION = YES;
				CLANG_WARN_DEPRECATED_OBJC_IMPLEMENTATIONS = YES;
				CLANG_WARN_DIRECT_OBJC_ISA_USAGE = YES_ERROR;
				CLANG_WARN_DOCUMENTATION_COMMENTS = YES;
				CLANG_WARN_EMPTY_BODY = YES;
				CLANG_WARN_ENUM_CONVERSION = YES;
				CLANG_WARN_INFINITE_RECURSION = YES;
				CLANG_WARN_INT_CONVERSION = YES;
				CLANG_WARN_NON_LITERAL_NULL_CONVERSION = YES;
				CLANG_WARN_OBJC_IMPLICIT_RETAIN_SELF = YES;
				CLANG_WARN_OBJC_LITERAL_CONVERSION = YES;
				CLANG_WARN_OBJC_ROOT_CLASS = YES_ERROR;
				CLANG_WARN_QUOTED_INCLUDE_IN_FRAMEWORK_HEADER = YES;
				CLANG_WARN_RANGE_LOOP_ANALYSIS = YES;
				CLANG_WARN_STRICT_PROTOTYPES = YES;
				CLANG_WARN_SUSPICIOUS_MOVE = YES;
				CLANG_WARN_UNGUARDED_AVAILABILITY = YES_AGGRESSIVE;
				CLANG_WARN_UNREACHABLE_CODE = YES;
				CLANG_WARN__DUPLICATE_METHOD_MATCH = YES;
				COPY_PHASE_STRIP = NO;
				DEBUG_INFORMATION_FORMAT = "dwarf-with-dsym";
				ENABLE_NS_ASSERTIONS = NO;
				ENABLE_STRICT_OBJC_MSGSEND = YES;
				GCC_C_LANGUAGE_STANDARD = gnu11;
				GCC_NO_COMMON_BLOCKS = YES;
				GCC_WARN_64_TO_32_BIT_CONVERSION = YES;
				GCC_WARN_ABOUT_RETURN_TYPE = YES_ERROR;
				GCC_WARN_UNDECLARED_SELECTOR = YES;
				GCC_WARN_UNINITIALIZED_AUTOS = YES_AGGRESSIVE;
				GCC_WARN_UNUSED_FUNCTION = YES;
				GCC_WARN_UNUSED_VARIABLE = YES;
				IPHONEOS_DEPLOYMENT_TARGET = 16.4;
				MTL_ENABLE_DEBUG_INFO = NO;
				MTL_FAST_MATH = YES;
				SDKROOT = iphoneos;
				SWIFT_COMPILATION_MODE = wholemodule;
				SWIFT_OPTIMIZATION_LEVEL = "-O";
				VALIDATE_PRODUCT = YES;
			};
			name = Release;
		};
		666A583C2A2B95BD00014E07 /* Debug */ = {
			isa = XCBuildConfiguration;
			buildSettings = {
				ASSETCATALOG_COMPILER_APPICON_NAME = AppIcon;
				ASSETCATALOG_COMPILER_GLOBAL_ACCENT_COLOR_NAME = AccentColor;
				CODE_SIGN_STYLE = Automatic;
				CURRENT_PROJECT_VERSION = 1;
				DEVELOPMENT_TEAM = J37Y4C3FBG;
				GENERATE_INFOPLIST_FILE = YES;
				INFOPLIST_FILE = team_project/Info.plist;
				INFOPLIST_KEY_UIApplicationSupportsIndirectInputEvents = YES;
				INFOPLIST_KEY_UILaunchStoryboardName = LaunchScreen;
				INFOPLIST_KEY_UIMainStoryboardFile = Main;
				INFOPLIST_KEY_UISupportedInterfaceOrientations_iPad = "UIInterfaceOrientationPortrait UIInterfaceOrientationPortraitUpsideDown UIInterfaceOrientationLandscapeLeft UIInterfaceOrientationLandscapeRight";
				INFOPLIST_KEY_UISupportedInterfaceOrientations_iPhone = "UIInterfaceOrientationPortrait UIInterfaceOrientationLandscapeLeft UIInterfaceOrientationLandscapeRight";
				LD_RUNPATH_SEARCH_PATHS = (
					"$(inherited)",
					"@executable_path/Frameworks",
				);
				MARKETING_VERSION = 1.0;
				PRODUCT_BUNDLE_IDENTIFIER = "com.hello.team-project";
				PRODUCT_NAME = "$(TARGET_NAME)";
				SWIFT_EMIT_LOC_STRINGS = YES;
				SWIFT_VERSION = 5.0;
				TARGETED_DEVICE_FAMILY = "1,2";
			};
			name = Debug;
		};
		666A583D2A2B95BD00014E07 /* Release */ = {
			isa = XCBuildConfiguration;
			buildSettings = {
				ASSETCATALOG_COMPILER_APPICON_NAME = AppIcon;
				ASSETCATALOG_COMPILER_GLOBAL_ACCENT_COLOR_NAME = AccentColor;
				CODE_SIGN_STYLE = Automatic;
				CURRENT_PROJECT_VERSION = 1;
				DEVELOPMENT_TEAM = J37Y4C3FBG;
				GENERATE_INFOPLIST_FILE = YES;
				INFOPLIST_FILE = team_project/Info.plist;
				INFOPLIST_KEY_UIApplicationSupportsIndirectInputEvents = YES;
				INFOPLIST_KEY_UILaunchStoryboardName = LaunchScreen;
				INFOPLIST_KEY_UIMainStoryboardFile = Main;
				INFOPLIST_KEY_UISupportedInterfaceOrientations_iPad = "UIInterfaceOrientationPortrait UIInterfaceOrientationPortraitUpsideDown UIInterfaceOrientationLandscapeLeft UIInterfaceOrientationLandscapeRight";
				INFOPLIST_KEY_UISupportedInterfaceOrientations_iPhone = "UIInterfaceOrientationPortrait UIInterfaceOrientationLandscapeLeft UIInterfaceOrientationLandscapeRight";
				LD_RUNPATH_SEARCH_PATHS = (
					"$(inherited)",
					"@executable_path/Frameworks",
				);
				MARKETING_VERSION = 1.0;
				PRODUCT_BUNDLE_IDENTIFIER = "com.hello.team-project";
				PRODUCT_NAME = "$(TARGET_NAME)";
				SWIFT_EMIT_LOC_STRINGS = YES;
				SWIFT_VERSION = 5.0;
				TARGETED_DEVICE_FAMILY = "1,2";
			};
			name = Release;
		};
/* End XCBuildConfiguration section */

/* Begin XCConfigurationList section */
		666A581F2A2B95BA00014E07 /* Build configuration list for PBXProject "team_project" */ = {
			isa = XCConfigurationList;
			buildConfigurations = (
				666A58392A2B95BD00014E07 /* Debug */,
				666A583A2A2B95BD00014E07 /* Release */,
			);
			defaultConfigurationIsVisible = 0;
			defaultConfigurationName = Release;
		};
		666A583B2A2B95BD00014E07 /* Build configuration list for PBXNativeTarget "team_project" */ = {
			isa = XCConfigurationList;
			buildConfigurations = (
				666A583C2A2B95BD00014E07 /* Debug */,
				666A583D2A2B95BD00014E07 /* Release */,
			);
			defaultConfigurationIsVisible = 0;
			defaultConfigurationName = Release;
		};
/* End XCConfigurationList section */
	};
	rootObject = 666A581C2A2B95BA00014E07 /* Project object */;
}
